github.com/fsnotify/fsnotify v1.5.4 h1:jRbGcIw6P2Meqdwuo0H1p6JVLbL5DHKAKlYndzMwVZI=
github.com/fsnotify/fsnotify v1.5.4/go.mod h1:OVB6XrOHzAwXMpEM7uPOzcehqUV2UqJxmVXmkdnm1bU=
github.com/google/btree v1.0.1 h1:gK4Kx5IaGY9CD5sPJ36FHiBJ6ZXl0kilRiiCj+jdYp4=
github.com/google/btree v1.0.1/go.mod h1:xXMiIv4Fb/0kKde4SpL7qlzvu5cMJDRkFDxJfI9uaxA=
github.com/sagernet/abx-go v0.0.0-20220819185957-dba1257d738e h1:5CFRo8FJbCuf5s/eTBdZpmMbn8Fe2eSMLNAYfKanA34=
github.com/sagernet/abx-go v0.0.0-20220819185957-dba1257d738e/go.mod h1:qbt0dWObotCfcjAJJ9AxtFPNSDUfZF+6dCpgKEOBn/g=
github.com/sagernet/go-tun2socks v1.16.12-0.20220818015926-16cb67876a61 h1:5+m7c6AkmAylhauulqN/c5dnh8/KssrE9c93TQrXldA=
github.com/sagernet/go-tun2socks v1.16.12-0.20220818015926-16cb67876a61/go.mod h1:QUQ4RRHD6hGGHdFMEtR8T2P6GS6R3D/CXKdaYHKKXms=
github.com/sagernet/netlink v0.0.0-20220905062125-8043b4a9aa97 h1:iL5gZI3uFp0X6EslacyapiRz7LLSJyr4RajF/BhMVyE=
github.com/sagernet/netlink v0.0.0-20220905062125-8043b4a9aa97/go.mod h1:xLnfdiJbSp8rNqYEdIW/6eDO4mVoogml14Bh2hSiFpM=
github.com/sagernet/sing v0.0.0-20220817130738-ce854cda8522/go.mod h1:QVsS5L/ZA2Q5UhQwLrn0Trw+msNd/NPGEhBKR/ioWiY=
github.com/sagernet/sing v0.0.0-20220819003212-2424b1e2fac1 h1:+YC0/ygsJc4Z8qhd7ypsbWgMSm+UWN+QK+PW7I19K4Q=
github.com/sagernet/sing v0.0.0-20220819003212-2424b1e2fac1/go.mod h1:QVsS5L/ZA2Q5UhQwLrn0Trw+msNd/NPGEhBKR/ioWiY=
github.com/vishvananda/netns v0.0.0-20211101163701-50045581ed74 h1:gga7acRE695APm9hlsSMoOoE65U4/TcqNj90mc69Rlg=
github.com/vishvananda/netns v0.0.0-20211101163701-50045581ed74/go.mod h1:DD4vA1DwXk04H54A1oHXtwZmA0grkVMdPxx/VGLCah0=
golang.org/x/net v0.0.0-20220826154423-83b083e8dc8b h1:ZmngSVLe/wycRns9MKikG9OWIEjGcGAkacif7oYQaUY=
golang.org/x/net v0.0.0-20220826154423-83b083e8dc8b/go.mod h1:YDH+HFinaLZZlnHAfSS6ZXJJ9M9t4Dl22yv3iI2vPwk=
golang.org/x/sys v0.0.0-20200217220822-9197077df867/go.mod h1:h1NjWce9XRLGQEsW7wpKNCjG9DtNlClVuFLEZdDNbEs=
golang.org/x/sys v0.0.0-20220412211240-33da011f77ad/go.mod h1:oPkhp1MJrh7nUepCBck5+mAzfO9JrbApNNgaTdGDITg=
golang.org/x/sys v0.0.0-20220731174439-a90be440212d/go.mod h1:oPkhp1MJrh7nUepCBck5+mAzfO9JrbApNNgaTdGDITg=
golang.org/x/sys v0.0.0-20220825204002-c680a09ffe64 h1:UiNENfZ8gDvpiWw7IpOMQ27spWmThO1RwwdQVbJahJM=
golang.org/x/sys v0.0.0-20220825204002-c680a09ffe64/go.mod h1:oPkhp1MJrh7nUepCBck5+mAzfO9JrbApNNgaTdGDITg=
golang.org/x/time v0.0.0-20191024005414-555d28b269f0 h1:/5xXl8Y5W96D+TtHSlonuFqGHIWVuyCkGJLwGh9JJFs=
golang.org/x/time v0.0.0-20191024005414-555d28b269f0/go.mod h1:tRJNPiyCQ0inRvYxbN9jk5I+vvW/OXSQhTDSoE431IQ=
gvisor.dev/gvisor v0.0.0-20220819163037-ba6e795b139a h1:W1h3JsEzYWg7eD4908iHv49p7AOx7JPKsoh/fsxgylM=
gvisor.dev/gvisor v0.0.0-20220819163037-ba6e795b139a/go.mod h1:TIvkJD0sxe8pIob3p6T8IzxXunlp6yfgktvTNp+DGNM=
